
Microsoft Visual Studio Solution File, Format Version 12.00
# Visual Studio 15
Project("{FAE04EC0-301F-11D3-BF4B-00C04F79EFBC}") = "Assembly-CSharp", "Assembly-CSharp.csproj", "{6DAC30B5-E053-E7EC-948C-1D77D058C240}"
EndProject
Project("{FAE04EC0-301F-11D3-BF4B-00C04F79EFBC}") = "Assembly-CSharp-Editor", "Assembly-CSharp-Editor.csproj", "{96406F52-1774-0887-4F4B-79878CAF15A3}"
EndProject
Global
	GlobalSection(SolutionConfigurationPlatforms) = preSolution
		Debug|Any CPU = Debug|Any CPU
		Release|Any CPU = Release|Any CPU
	EndGlobalSection
	GlobalSection(ProjectConfigurationPlatforms) = postSolution
		{6DAC30B5-E053-E7EC-948C-1D77D058C240}.Debug|Any CPU.ActiveCfg = Debug|Any CPU
		{6DAC30B5-E053-E7EC-948C-1D77D058C240}.Debug|Any CPU.Build.0 = Debug|Any CPU
		{6DAC30B5-E053-E7EC-948C-1D77D058C240}.Release|Any CPU.ActiveCfg = Release|Any CPU
		{6DAC30B5-E053-E7EC-948C-1D77D058C240}.Release|Any CPU.Build.0 = Release|Any CPU
		{96406F52-1774-0887-4F4B-79878CAF15A3}.Debug|Any CPU.ActiveCfg = Debug|Any CPU
		{96406F52-1774-0887-4F4B-79878CAF15A3}.Debug|Any CPU.Build.0 = Debug|Any CPU
		{96406F52-1774-0887-4F4B-79878CAF15A3}.Release|Any CPU.ActiveCfg = Release|Any CPU
		{96406F52-1774-0887-4F4B-79878CAF15A3}.Release|Any CPU.Build.0 = Release|Any CPU
	EndGlobalSection
	GlobalSection(SolutionProperties) = preSolution
		HideSolutionNode = FALSE
	EndGlobalSection
EndGlobal
